
Microsoft Visual Studio Solution File, Format Version 12.00
# Visual Studio 15
VisualStudioVersion = 15.0.28010.2016
MinimumVisualStudioVersion = 10.0.40219.1
Project("{9A19103F-16F7-4668-BE54-9A1E7A4F7556}") = "Algorithms", "Algorithms\Algorithms.csproj", "{8260BAE7-BD5D-4663-B5D6-16551F376AD9}"
EndProject
Project("{FAE04EC0-301F-11D3-BF4B-00C04F79EFBC}") = "Algorithms.Tests", "Algorithms.Tests\Algorithms.Tests.csproj", "{71090B04-DD5F-40E1-B259-C76AAD466FB7}"
EndProject
Global
	GlobalSection(SolutionConfigurationPlatforms) = preSolution
		Debug|Any CPU = Debug|Any CPU
		Release|Any CPU = Release|Any CPU
	EndGlobalSection
	GlobalSection(ProjectConfigurationPlatforms) = postSolution
		{8260BAE7-BD5D-4663-B5D6-16551F376AD9}.Debug|Any CPU.ActiveCfg = Debug|Any CPU
		{8260BAE7-BD5D-4663-B5D6-16551F376AD9}.Debug|Any CPU.Build.0 = Debug|Any CPU
		{8260BAE7-BD5D-4663-B5D6-16551F376AD9}.Release|Any CPU.ActiveCfg = Release|Any CPU
		{8260BAE7-BD5D-4663-B5D6-16551F376AD9}.Release|Any CPU.Build.0 = Release|Any CPU
		{71090B04-DD5F-40E1-B259-C76AAD466FB7}.Debug|Any CPU.ActiveCfg = Debug|Any CPU
		{71090B04-DD5F-40E1-B259-C76AAD466FB7}.Debug|Any CPU.Build.0 = Debug|Any CPU
		{71090B04-DD5F-40E1-B259-C76AAD466FB7}.Release|Any CPU.ActiveCfg = Release|Any CPU
		{71090B04-DD5F-40E1-B259-C76AAD466FB7}.Release|Any CPU.Build.0 = Release|Any CPU
	EndGlobalSection
	GlobalSection(SolutionProperties) = preSolution
		HideSolutionNode = FALSE
	EndGlobalSection
	GlobalSection(ExtensibilityGlobals) = postSolution
		SolutionGuid = {EBB8CA94-3282-49E8-9C5D-C0C613939FA0}
	EndGlobalSection
EndGlobal
